# This lock file was generated by conda-lock (https://github.com/conda/conda-lock). DO NOT EDIT!
#
# A "lock file" contains a concrete list of package versions (with checksums) to be installed. Unlike
# e.g. `conda env create`, the resulting environment will not change as new package versions become
# available, unless you explicitly update the lock file.
#
# Install this environment as "YOURENV" with:
#     conda-lock install -n YOURENV conda-lock.yml
# To update a single package to the latest version compatible with the version constraints in the source:
#     conda-lock lock  --lockfile conda-lock.yml --update PACKAGE
# To re-solve the entire environment, e.g. after changing a version constraint in the source file:
#     conda-lock -f environment.yml --lockfile conda-lock.yml
version: 1
metadata:
  content_hash:
    linux-64: 4ac392a4f789986932b9cfc581a1a975a66c3a2bf35af62f704fd1e5702e8647
  channels:
  - url: conda-forge
    used_env_vars: []
  platforms:
  - linux-64
  sources:
  - environment.yml
package:
- name: _openmp_mutex
  version: '4.5'
  manager: conda
  platform: linux-64
  dependencies:
    __glibc: '>=2.17,<3.0.a0'
    libgomp: '>=7.5.0'
  url: https://conda.anaconda.org/conda-forge/linux-64/_openmp_mutex-4.5-20_gnu.conda
  hash:
    md5: a9f577daf3de00bca7c3c76c0ecbd1de
    sha256: 1dd3fffd892081df9726d7eb7e0dea6198962ba775bd88842135a4ddb4deb3c9
  category: main
  optional: false
- name: bzip2
  version: 1.0.8
  manager: conda
  platform: linux-64
  dependencies:
    __glibc: '>=2.17,<3.0.a0'
    libgcc: '>=14'
  url: https://conda.anaconda.org/conda-forge/linux-64/bzip2-1.0.8-hda65f42_9.conda
  hash:
    md5: d2ffd7602c02f2b316fd921d39876885
    sha256: 0b75d45f0bba3e95dc693336fa51f40ea28c980131fec438afb7ce6118ed05f6
  category: main
  optional: false
- name: ca-certificates
  version: 2026.2.25
  manager: conda
  platform: linux-64
  dependencies:
    __unix: ''
  url: https://conda.anaconda.org/conda-forge/noarch/ca-certificates-2026.2.25-hbd8a1cb_0.conda
  hash:
    md5: 4492fd26db29495f0ba23f146cd5638d
    sha256: 67cc7101b36421c5913a1687ef1b99f85b5d6868da3abbf6ec1a4181e79782fc
  category: main
  optional: false
- name: ld_impl_linux-64
  version: 2.45.1
  manager: conda
  platform: linux-64
  dependencies:
    __glibc: '>=2.17,<3.0.a0'
    zstd: '>=1.5.7,<1.6.0a0'
  url: https://conda.anaconda.org/conda-forge/linux-64/ld_impl_linux-64-2.45.1-default_hbd61a6d_102.conda
  hash:
    md5: 18335a698559cdbcd86150a48bf54ba6
    sha256: 3d584956604909ff5df353767f3a2a2f60e07d070b328d109f30ac40cd62df6c
  category: main
  optional: false
- name: libexpat
  version: 2.7.4
  manager: conda
  platform: linux-64
  dependencies:
    __glibc: '>=2.17,<3.0.a0'
    libgcc: '>=14'
  url: https://conda.anaconda.org/conda-forge/linux-64/libexpat-2.7.4-hecca717_0.conda
  hash:
    md5: e7f7ce06ec24cfcfb9e36d28cf82ba57
    sha256: d78f1d3bea8c031d2f032b760f36676d87929b18146351c4464c66b0869df3f5
  category: main
  optional: false
- name: libffi
  version: 3.5.2
  manager: conda
  platform: linux-64
  dependencies:
    __glibc: '>=2.17,<3.0.a0'
    libgcc: '>=14'
  url: https://conda.anaconda.org/conda-forge/linux-64/libffi-3.5.2-h3435931_0.conda
  hash:
    md5: a360c33a5abe61c07959e449fa1453eb
    sha256: 31f19b6a88ce40ebc0d5a992c131f57d919f73c0b92cd1617a5bec83f6e961e6
  category: main
  optional: false
- name: libgcc
  version: 15.2.0
  manager: conda
  platform: linux-64
  dependencies:
    __glibc: '>=2.17,<3.0.a0'
    _openmp_mutex: '>=4.5'
  url: https://conda.anaconda.org/conda-forge/linux-64/libgcc-15.2.0-he0feb66_18.conda
  hash:
    md5: 0aa00f03f9e39fb9876085dee11a85d4
    sha256: faf7d2017b4d718951e3a59d081eb09759152f93038479b768e3d612688f83f5
  category: main
  optional: false
- name: libgomp
  version: 15.2.0
  manager: conda
  platform: linux-64
  dependencies:
    __glibc: '>=2.17,<3.0.a0'
  url: https://conda.anaconda.org/conda-forge/linux-64/libgomp-15.2.0-he0feb66_18.conda
  hash:
    md5: 239c5e9546c38a1e884d69effcf4c882
    sha256: 21337ab58e5e0649d869ab168d4e609b033509de22521de1bfed0c031bfc5110
  category: main
  optional: false
- name: liblzma
  version: 5.8.2
  manager: conda
  platform: linux-64
  dependencies:
    __glibc: '>=2.17,<3.0.a0'
    libgcc: '>=14'
  url: https://conda.anaconda.org/conda-forge/linux-64/liblzma-5.8.2-hb03c661_0.conda
  hash:
    md5: c7c83eecbb72d88b940c249af56c8b17
    sha256: 755c55ebab181d678c12e49cced893598f2bab22d582fbbf4d8b83c18be207eb
  category: main
  optional: false
- name: libmpdec
  version: 4.0.0
  manager: conda
  platform: linux-64
  dependencies:
    __glibc: '>=2.17,<3.0.a0'
    libgcc: '>=14'
  url: https://conda.anaconda.org/conda-forge/linux-64/libmpdec-4.0.0-hb03c661_1.conda
  hash:
    md5: 2c21e66f50753a083cbe6b80f38268fa
    sha256: fe171ed5cf5959993d43ff72de7596e8ac2853e9021dec0344e583734f1e0843
  category: main
  optional: false
- name: libsqlite
  version: 3.52.0
  manager: conda
  platform: linux-64
  dependencies:
    __glibc: '>=2.17,<3.0.a0'
    libgcc: '>=14'
    libzlib: '>=1.3.1,<2.0a0'
  url: https://conda.anaconda.org/conda-forge/linux-64/libsqlite-3.52.0-h0c1763c_0.conda
  hash:
    md5: a7bda2babcbb004443cb1c0be9a8c353
    sha256: 1daeb5187efcdbe3bdf2dc66f1161e09cb8dfd01618015d2106feae13cf3390d
  category: main
  optional: false
- name: libuuid
  version: 2.41.3
  manager: conda
  platform: linux-64
  dependencies:
    __glibc: '>=2.17,<3.0.a0'
    libgcc: '>=14'
  url: https://conda.anaconda.org/conda-forge/linux-64/libuuid-2.41.3-h5347b49_0.conda
  hash:
    md5: db409b7c1720428638e7c0d509d3e1b5
    sha256: 1a7539cfa7df00714e8943e18de0b06cceef6778e420a5ee3a2a145773758aee
  category: main
  optional: false
- name: libzlib
  version: 1.3.2
  manager: conda
  platform: linux-64
  dependencies:
    __glibc: '>=2.17,<3.0.a0'
  url: https://conda.anaconda.org/conda-forge/linux-64/libzlib-1.3.2-h25fd6f3_2.conda
  hash:
    md5: d87ff7921124eccd67248aa483c23fec
    sha256: 55044c403570f0dc26e6364de4dc5368e5f3fc7ff103e867c487e2b5ab2bcda9
  category: main
  optional: false
- name: ncurses
  version: '6.5'
  manager: conda
  platform: linux-64
  dependencies:
    __glibc: '>=2.17,<3.0.a0'
    libgcc: '>=13'
  url: https://conda.anaconda.org/conda-forge/linux-64/ncurses-6.5-h2d0b736_3.conda
  hash:
    md5: 47e340acb35de30501a76c7c799c41d7
    sha256: 3fde293232fa3fca98635e1167de6b7c7fda83caf24b9d6c91ec9eefb4f4d586
  category: main
  optional: false
- name: openssl
  version: 3.6.1
  manager: conda
  platform: linux-64
  dependencies:
    __glibc: '>=2.17,<3.0.a0'
    ca-certificates: ''
    libgcc: '>=14'
  url: https://conda.anaconda.org/conda-forge/linux-64/openssl-3.6.1-h35e630c_1.conda
  hash:
    md5: f61eb8cd60ff9057122a3d338b99c00f
    sha256: 44c877f8af015332a5d12f5ff0fb20ca32f896526a7d0cdb30c769df1144fb5c
  category: main
  optional: false
- name: pip
  version: 26.0.1
  manager: conda
  platform: linux-64
  dependencies:
    python: '>=3.13.0a0'
  url: https://conda.anaconda.org/conda-forge/noarch/pip-26.0.1-pyh145f28c_0.conda
  hash:
    md5: 09a970fbf75e8ed1aa633827ded6aa4f
    sha256: 5f66ea31d62188c266c5a8752119b0cc90a5bf05963f665cf48a33e0ec58d39c
  category: main
  optional: false
- name: python
  version: 3.14.3
  manager: conda
  platform: linux-64
  dependencies:
    __glibc: '>=2.17,<3.0.a0'
    bzip2: '>=1.0.8,<2.0a0'
    ld_impl_linux-64: '>=2.36.1'
    libexpat: '>=2.7.3,<3.0a0'
    libffi: '>=3.5.2,<3.6.0a0'
    libgcc: '>=14'
    liblzma: '>=5.8.2,<6.0a0'
    libmpdec: '>=4.0.0,<5.0a0'
    libsqlite: '>=3.51.2,<4.0a0'
    libuuid: '>=2.41.3,<3.0a0'
    libzlib: '>=1.3.1,<2.0a0'
    ncurses: '>=6.5,<7.0a0'
    openssl: '>=3.5.5,<4.0a0'
    python_abi: 3.14.*
    readline: '>=8.3,<9.0a0'
    tk: '>=8.6.13,<8.7.0a0'
    tzdata: ''
    zstd: '>=1.5.7,<1.6.0a0'
  url: https://conda.anaconda.org/conda-forge/linux-64/python-3.14.3-h32b2ec7_101_cp314.conda
  hash:
    md5: c014ad06e60441661737121d3eae8a60
    sha256: cb0628c5f1732f889f53a877484da98f5a0e0f47326622671396fb4f2b0cd6bd
  category: main
  optional: false
- name: python_abi
  version: '3.14'
  manager: conda
  platform: linux-64
  dependencies: {}
  url: https://conda.anaconda.org/conda-forge/noarch/python_abi-3.14-8_cp314.conda
  hash:
    md5: 0539938c55b6b1a59b560e843ad864a4
    sha256: ad6d2e9ac39751cc0529dd1566a26751a0bf2542adb0c232533d32e176e21db5
  category: main
  optional: false
- name: readline
  version: '8.3'
  manager: conda
  platform: linux-64
  dependencies:
    __glibc: '>=2.17,<3.0.a0'
    libgcc: '>=14'
    ncurses: '>=6.5,<7.0a0'
  url: https://conda.anaconda.org/conda-forge/linux-64/readline-8.3-h853b02a_0.conda
  hash:
    md5: d7d95fc8287ea7bf33e0e7116d2b95ec
    sha256: 12ffde5a6f958e285aa22c191ca01bbd3d6e710aa852e00618fa6ddc59149002
  category: main
  optional: false
- name: tk
  version: 8.6.13
  manager: conda
  platform: linux-64
  dependencies:
    __glibc: '>=2.17,<3.0.a0'
    libgcc: '>=14'
    libzlib: '>=1.3.1,<2.0a0'
  url: https://conda.anaconda.org/conda-forge/linux-64/tk-8.6.13-noxft_h366c992_103.conda
  hash:
    md5: cffd3bdd58090148f4cfcd831f4b26ab
    sha256: cafeec44494f842ffeca27e9c8b0c27ed714f93ac77ddadc6aaf726b5554ebac
  category: main
  optional: false
- name: tzdata
  version: 2025c
  manager: conda
  platform: linux-64
  dependencies: {}
  url: https://conda.anaconda.org/conda-forge/noarch/tzdata-2025c-hc9c84f9_1.conda
  hash:
    md5: ad659d0a2b3e47e38d829aa8cad2d610
    sha256: 1d30098909076af33a35017eed6f2953af1c769e273a0626a04722ac4acaba3c
  category: main
  optional: false
- name: zstd
  version: 1.5.7
  manager: conda
  platform: linux-64
  dependencies:
    __glibc: '>=2.17,<3.0.a0'
    libzlib: '>=1.3.1,<2.0a0'
  url: https://conda.anaconda.org/conda-forge/linux-64/zstd-1.5.7-hb78ec9c_6.conda
  hash:
    md5: 4a13eeac0b5c8e5b8ab496e6c4ddd829
    sha256: 68f0206ca6e98fea941e5717cec780ed2873ffabc0e1ed34428c061e2c6268c7
  category: main
  optional: false
- name: annotated-doc
  version: 0.0.4
  manager: pip
  platform: linux-64
  dependencies: {}
  url: https://files.pythonhosted.org/packages/1e/d3/26bf1008eb3d2daa8ef4cacc7f3bfdc11818d111f7e2d0201bc6e3b49d45/annotated_doc-0.0.4-py3-none-any.whl
  hash:
    sha256: 571ac1dc6991c450b25a9c2d84a3705e2ae7a53467b5d111c24fa8baabbed320
  category: main
  optional: false
- name: annotated-types
  version: 0.7.0
  manager: pip
  platform: linux-64
  dependencies: {}
  url: https://files.pythonhosted.org/packages/78/b6/6307fbef88d9b5ee7421e68d78a9f162e0da4900bc5f5793f6d3d0e34fb8/annotated_types-0.7.0-py3-none-any.whl
  hash:
    sha256: 1f02e8b43a8fbbc3f3e0d4f0f4bfc8131bcb4eebe8849b8e5c773f3a1c582a53
  category: main
  optional: false
- name: anyio
  version: 4.13.0
  manager: pip
  platform: linux-64
  dependencies:
    idna: '>=2.8'
  url: https://files.pythonhosted.org/packages/da/42/e921fccf5015463e32a3cf6ee7f980a6ed0f395ceeaa45060b61d86486c2/anyio-4.13.0-py3-none-any.whl
  hash:
    sha256: 08b310f9e24a9594186fd75b4f73f4a4152069e3853f1ed8bfbf58369f4ad708
  category: main
  optional: false
- name: appdirs
  version: 1.4.4
  manager: pip
  platform: linux-64
  dependencies: {}
  url: https://files.pythonhosted.org/packages/3b/00/2344469e2084fb287c2e0b57b72910309874c3245463acd6cf5e3db69324/appdirs-1.4.4-py2.py3-none-any.whl
  hash:
    sha256: a841dacd6b99318a741b166adb07e19ee71a274450e68237b4650ca1055ab128
  category: main
  optional: false
- name: boltons
  version: 25.0.0
  manager: pip
  platform: linux-64
  dependencies: {}
  url: https://files.pythonhosted.org/packages/45/7f/0e961cf3908bc4c1c3e027de2794f867c6c89fb4916fc7dba295a0e80a2d/boltons-25.0.0-py3-none-any.whl
  hash:
    sha256: dc9fb38bf28985715497d1b54d00b62ea866eca3938938ea9043e254a3a6ca62
  category: main
  optional: false
- name: build
  version: 1.4.0
  manager: pip
  platform: linux-64
  dependencies:
    packaging: '>=24.0'
    pyproject-hooks: '*'
  url: https://files.pythonhosted.org/packages/c5/0d/84a4380f930db0010168e0aa7b7a8fed9ba1835a8fbb1472bc6d0201d529/build-1.4.0-py3-none-any.whl
  hash:
    sha256: 6a07c1b8eb6f2b311b96fcbdbce5dab5fe637ffda0fd83c9cac622e927501596
  category: main
  optional: false
- name: cachecontrol
  version: 0.14.4
  manager: pip
  platform: linux-64
  dependencies:
    filelock: '>=3.8.0'
    msgpack: '>=0.5.2,<2.0.0'
    requests: '>=2.16.0'
  url: https://files.pythonhosted.org/packages/ef/79/c45f2d53efe6ada1110cf6f9fca095e4ff47a0454444aefdde6ac4789179/cachecontrol-0.14.4-py3-none-any.whl
  hash:
    sha256: b7ac014ff72ee199b5f8af1de29d60239954f223e948196fa3d84adaffc71d2b
  category: main
  optional: false
- name: certifi
  version: 2026.2.25
  manager: pip
  platform: linux-64
  dependencies: {}
  url: https://files.pythonhosted.org/packages/9a/3c/c17fb3ca2d9c3acff52e30b309f538586f9f5b9c9cf454f3845fc9af4881/certifi-2026.2.25-py3-none-any.whl
  hash:
    sha256: 027692e4402ad994f1c42e52a4997a9763c646b73e4096e4d5d6db8af1d6f0fa
  category: main
  optional: false
- name: cffi
  version: 2.0.0
  manager: pip
  platform: linux-64
  dependencies:
    pycparser: '*'
  url: https://files.pythonhosted.org/packages/47/d9/d83e293854571c877a92da46fdec39158f8d7e68da75bf73581225d28e90/cffi-2.0.0-cp314-cp314-manylinux2014_x86_64.manylinux_2_17_x86_64.whl
  hash:
    sha256: afb8db5439b81cf9c9d0c80404b60c3cc9c3add93e114dcae767f1477cb53775
  category: main
  optional: false
- name: charset-normalizer
  version: 3.4.6
  manager: pip
  platform: linux-64
  dependencies: {}
  url: https://files.pythonhosted.org/packages/76/7e/bc8911719f7084f72fd545f647601ea3532363927f807d296a8c88a62c0d/charset_normalizer-3.4.6-cp314-cp314-manylinux2014_x86_64.manylinux_2_17_x86_64.manylinux_2_28_x86_64.whl
  hash:
    sha256: 7bda6eebafd42133efdca535b04ccb338ab29467b3f7bf79569883676fc628db
  category: main
  optional: false
- name: click
  version: 8.3.1
  manager: pip
  platform: linux-64
  dependencies: {}
  url: https://files.pythonhosted.org/packages/98/78/01c019cdb5d6498122777c1a43056ebb3ebfeef2076d9d026bfe15583b2b/click-8.3.1-py3-none-any.whl
  hash:
    sha256: 981153a64e25f12d547d3426c367a4857371575ee7ad18df2a6183ab0545b2a6
  category: main
  optional: false
- name: click-default-group
  version: 1.2.4
  manager: pip
  platform: linux-64
  dependencies:
    click: '*'
  url: https://files.pythonhosted.org/packages/2c/1a/aff8bb287a4b1400f69e09a53bd65de96aa5cee5691925b38731c67fc695/click_default_group-1.2.4-py2.py3-none-any.whl
  hash:
    sha256: 9b60486923720e7fc61731bdb32b617039aba820e22e1c88766b1125592eaa5f
  category: main
  optional: false
- name: conda-lock
  version: 4.0.0
  manager: pip
  platform: linux-64
  dependencies:
    boltons: '>=23.0.0'
    build: '>=1.2.1,<2.0.0'
    cachecontrol: '>=0.14.0,<0.15.0'
    charset-normalizer: '*'
    click: '>=8.0'
    click-default-group: '*'
    crashtest: '>=0.4.1,<0.5.0'
    dulwich: '>=0.22.6,<0.25'
    ensureconda: '>=1.4.7'
    fastjsonschema: '>=2.18.0,<3.0.0'
    filelock: '*'
    gitpython: '>=3.1.30'
    installer: '>=0.7.0,<0.8.0'
    jinja2: '*'
    keyring: '>=25.1.0,<26.0.0'
    packaging: '>=24.0'
    pkginfo: '>=1.12,<2.0'
    platformdirs: '>=3.10.0,<5.0.0'
    pydantic: '>=2'
    pyproject-hooks: '>=1.0.0,<2.0.0'
    pyyaml: '>=5.1'
    requests: '>=2.26,<3.0'
    requests-toolbelt: '>=1.0.0,<2.0.0'
    ruamel-yaml: '*'
    semver: '>=3,<4'
    setuptools: '*'
    shellingham: '>=1.5,<2.0'
    tomlkit: '>=0.11.4,<1.0.0'
    trove-classifiers: '>=2022.5.19'
    typing-extensions: '>=4.6.1'
    virtualenv: '>=20.26.6,<21.0.0'
    zstandard: '>=0.15'
  url: https://files.pythonhosted.org/packages/31/28/237390aa8425404fbe15dbca65e724e1b3ac28be9215568c25d455f53111/conda_lock-4.0.0-py3-none-any.whl
  hash:
    sha256: 979aacb4f67eb375f5d84ffbc7afc93c881ab9a513558c7461ed955fe243a3f6
  category: main
  optional: false
- name: conda-package-streaming
  version: 0.12.0
  manager: pip
  platform: linux-64
  dependencies:
    requests: '*'
    zstandard: '>=0.15'
  url: https://files.pythonhosted.org/packages/87/39/0bd20aa98ae43756b0bb5d8b055c19de842b422fe588eaa16f11dce1f399/conda_package_streaming-0.12.0-py3-none-any.whl
  hash:
    sha256: 45ae0ac0e198188703e845a42ac21292b73cd7077df358ea882d25923ab26f96
  category: main
  optional: false
- name: contourpy
  version: 1.3.3
  manager: pip
  platform: linux-64
  dependencies:
    numpy: '>=1.25'
  url: https://files.pythonhosted.org/packages/04/5f/9ff93450ba96b09c7c2b3f81c94de31c89f92292f1380261bd7195bea4ea/contourpy-1.3.3-cp314-cp314-manylinux_2_27_x86_64.manylinux_2_28_x86_64.whl
  hash:
    sha256: f64836de09927cba6f79dcd00fdd7d5329f3fccc633468507079c829ca4db4e3
  category: main
  optional: false
- name: crashtest
  version: 0.4.1
  manager: pip
  platform: linux-64
  dependencies: {}
  url: https://files.pythonhosted.org/packages/b0/5c/3ba7d12e7a79566f97b8f954400926d7b6eb33bcdccc1315a857f200f1f1/crashtest-0.4.1-py3-none-any.whl
  hash:
    sha256: 8d23eac5fa660409f57472e3851dab7ac18aba459a8d19cbbba86d3d5aecd2a5
  category: main
  optional: false
- name: cryptography
  version: 46.0.5
  manager: pip
  platform: linux-64
  dependencies:
    cffi: '>=2.0.0'
  url: https://files.pythonhosted.org/packages/6b/e7/237155ae19a9023de7e30ec64e5d99a9431a567407ac21170a046d22a5a3/cryptography-46.0.5-cp311-abi3-manylinux_2_28_x86_64.whl
  hash:
    sha256: 3ee190460e2fbe447175cda91b88b84ae8322a104fc27766ad09428754a618ed
  category: main
  optional: false
- name: cycler
  version: 0.12.1
  manager: pip
  platform: linux-64
  dependencies: {}
  url: https://files.pythonhosted.org/packages/e7/05/c19819d5e3d95294a6f5947fb9b9629efb316b96de511b418c53d245aae6/cycler-0.12.1-py3-none-any.whl
  hash:
    sha256: 85cef7cff222d8644161529808465972e51340599459b8ac3ccbac5a854e0d30
  category: main
  optional: false
- name: distlib
  version: 0.4.0
  manager: pip
  platform: linux-64
  dependencies: {}
  url: https://files.pythonhosted.org/packages/33/6b/e0547afaf41bf2c42e52430072fa5658766e3d65bd4b03a563d1b6336f57/distlib-0.4.0-py2.py3-none-any.whl
  hash:
    sha256: 9659f7d87e46584a30b5780e43ac7a2143098441670ff0a49d5f9034c54a6c16
  category: main
  optional: false
- name: dulwich
  version: 0.24.10
  manager: pip
  platform: linux-64
  dependencies:
    urllib3: '>=2.2.2'
  url: https://files.pythonhosted.org/packages/74/4d/ca83b98ae966b156fd589a502f757789657a6f6f23926587abd3a3e3dc6f/dulwich-0.24.10-py3-none-any.whl
  hash:
    sha256: 15b32f8c3116a1c0a042dde8da96f65a607e263e860ee42b3d4a98ce2c2f4a06
  category: main
  optional: false
- name: ensureconda
  version: 1.6.0
  manager: pip
  platform: linux-64
  dependencies:
    appdirs: '*'
    click: '>=5.1'
    conda-package-streaming: '*'
    filelock: '*'
    packaging: '*'
    requests: '>=2'
  url: https://files.pythonhosted.org/packages/f5/64/82570019b199a85b1d9559e75f448272fc6a79201d8692a1357f3f803837/ensureconda-1.6.0-py3-none-any.whl
  hash:
    sha256: df518b64b08640a1e5e37b1c80d90810a8f5ad0a1b9938aaa740653bb66ef538
  category: main
  optional: false
- name: fastapi
  version: 0.135.2
  manager: pip
  platform: linux-64
  dependencies:
    annotated-doc: '>=0.0.2'
    pydantic: '>=2.9.0'
    starlette: '>=0.46.0'
    typing-extensions: '>=4.8.0'
    typing-inspection: '>=0.4.2'
  url: https://files.pythonhosted.org/packages/8f/ea/18f6d0457f9efb2fc6fa594857f92810cadb03024975726db6546b3d6fcf/fastapi-0.135.2-py3-none-any.whl
  hash:
    sha256: 0af0447d541867e8db2a6a25c23a8c4bd80e2394ac5529bd87501bbb9e240ca5
  category: main
  optional: false
- name: fastjsonschema
  version: 2.21.2
  manager: pip
  platform: linux-64
  dependencies: {}
  url: https://files.pythonhosted.org/packages/cb/a8/20d0723294217e47de6d9e2e40fd4a9d2f7c4b6ef974babd482a59743694/fastjsonschema-2.21.2-py3-none-any.whl
  hash:
    sha256: 1c797122d0a86c5cace2e54bf4e819c36223b552017172f32c5c024a6b77e463
  category: main
  optional: false
- name: filelock
  version: 3.25.2
  manager: pip
  platform: linux-64
  dependencies: {}
  url: https://files.pythonhosted.org/packages/a4/a5/842ae8f0c08b61d6484b52f99a03510a3a72d23141942d216ebe81fefbce/filelock-3.25.2-py3-none-any.whl
  hash:
    sha256: ca8afb0da15f229774c9ad1b455ed96e85a81373065fb10446672f64444ddf70
  category: main
  optional: false
- name: fonttools
  version: 4.62.1
  manager: pip
  platform: linux-64
  dependencies: {}
  url: https://files.pythonhosted.org/packages/28/63/cd0c3b26afe60995a5295f37c246a93d454023726c3261cfbb3559969bb9/fonttools-4.62.1-cp314-cp314-manylinux2014_x86_64.manylinux_2_17_x86_64.whl
  hash:
    sha256: 8d337fdd49a79b0d51c4da87bc38169d21c3abbf0c1aa9367eff5c6656fb6dae
  category: main
  optional: false
- name: gitdb
  version: 4.0.12
  manager: pip
  platform: linux-64
  dependencies:
    smmap: '>=3.0.1,<6'
  url: https://files.pythonhosted.org/packages/a0/61/5c78b91c3143ed5c14207f463aecfc8f9dbb5092fb2869baf37c273b2705/gitdb-4.0.12-py3-none-any.whl
  hash:
    sha256: 67073e15955400952c6565cc3e707c554a4eea2e428946f7a4c162fab9bd9bcf
  category: main
  optional: false
- name: gitpython
  version: 3.1.46
  manager: pip
  platform: linux-64
  dependencies:
    gitdb: '>=4.0.1,<5'
  url: https://files.pythonhosted.org/packages/6a/09/e21df6aef1e1ffc0c816f0522ddc3f6dcded766c3261813131c78a704470/gitpython-3.1.46-py3-none-any.whl
  hash:
    sha256: 79812ed143d9d25b6d176a10bb511de0f9c67b1fa641d82097b0ab90398a2058
  category: main
  optional: false
- name: h11
  version: 0.16.0
  manager: pip
  platform: linux-64
  dependencies: {}
  url: https://files.pythonhosted.org/packages/04/4b/29cac41a4d98d144bf5f6d33995617b185d14b22401f75ca86f384e87ff1/h11-0.16.0-py3-none-any.whl
  hash:
    sha256: 63cf8bbe7522de3bf65932fda1d9c2772064ffb3dae62d55932da54b31cb6c86
  category: main
  optional: false
- name: idna
  version: '3.11'
  manager: pip
  platform: linux-64
  dependencies: {}
  url: https://files.pythonhosted.org/packages/0e/61/66938bbb5fc52dbdf84594873d5b51fb1f7c7794e9c0f5bd885f30bc507b/idna-3.11-py3-none-any.whl
  hash:
    sha256: 771a87f49d9defaf64091e6e6fe9c18d4833f140bd19464795bc32d966ca37ea
  category: main
  optional: false
- name: iniconfig
  version: 2.3.0
  manager: pip
  platform: linux-64
  dependencies: {}
  url: https://files.pythonhosted.org/packages/cb/b1/3846dd7f199d53cb17f49cba7e651e9ce294d8497c8c150530ed11865bb8/iniconfig-2.3.0-py3-none-any.whl
  hash:
    sha256: f631c04d2c48c52b84d0d0549c99ff3859c98df65b3101406327ecc7d53fbf12
  category: main
  optional: false
- name: installer
  version: 0.7.0
  manager: pip
  platform: linux-64
  dependencies: {}
  url: https://files.pythonhosted.org/packages/e5/ca/1172b6638d52f2d6caa2dd262ec4c811ba59eee96d54a7701930726bce18/installer-0.7.0-py3-none-any.whl
  hash:
    sha256: 05d1933f0a5ba7d8d6296bb6d5018e7c94fa473ceb10cf198a92ccea19c27b53
  category: main
  optional: false
- name: jaraco-classes
  version: 3.4.0
  manager: pip
  platform: linux-64
  dependencies:
    more-itertools: '*'
  url: https://files.pythonhosted.org/packages/7f/66/b15ce62552d84bbfcec9a4873ab79d993a1dd4edb922cbfccae192bd5b5f/jaraco.classes-3.4.0-py3-none-any.whl
  hash:
    sha256: f662826b6bed8cace05e7ff873ce0f9283b5c924470fe664fff1c2f00f581790
  category: main
  optional: false
- name: jaraco-context
  version: 6.1.2
  manager: pip
  platform: linux-64
  dependencies: {}
  url: https://files.pythonhosted.org/packages/f2/58/bc8954bda5fcda97bd7c19be11b85f91973d67a706ed4a3aec33e7de22db/jaraco_context-6.1.2-py3-none-any.whl
  hash:
    sha256: bf8150b79a2d5d91ae48629d8b427a8f7ba0e1097dd6202a9059f29a36379535
  category: main
  optional: false
- name: jaraco-functools
  version: 4.4.0
  manager: pip
  platform: linux-64
  dependencies:
    more-itertools: '*'
  url: https://files.pythonhosted.org/packages/fd/c4/813bb09f0985cb21e959f21f2464169eca882656849adf727ac7bb7e1767/jaraco_functools-4.4.0-py3-none-any.whl
  hash:
    sha256: 9eec1e36f45c818d9bf307c8948eb03b2b56cd44087b3cdc989abca1f20b9176
  category: main
  optional: false
- name: jeepney
  version: 0.9.0
  manager: pip
  platform: linux-64
  dependencies: {}
  url: https://files.pythonhosted.org/packages/b2/a3/e137168c9c44d18eff0376253da9f1e9234d0239e0ee230d2fee6cea8e55/jeepney-0.9.0-py3-none-any.whl
  hash:
    sha256: 97e5714520c16fc0a45695e5365a2e11b81ea79bba796e26f9f1d178cb182683
  category: main
  optional: false
- name: jinja2
  version: 3.1.6
  manager: pip
  platform: linux-64
  dependencies:
    markupsafe: '>=2.0'
  url: https://files.pythonhosted.org/packages/62/a1/3d680cbfd5f4b8f15abc1d571870c5fc3e594bb582bc3b64ea099db13e56/jinja2-3.1.6-py3-none-any.whl
  hash:
    sha256: 85ece4451f492d0c13c5dd7c13a64681a86afae63a5f347908daf103ce6d2f67
  category: main
  optional: false
- name: joblib
  version: 1.5.3
  manager: pip
  platform: linux-64
  dependencies: {}
  url: https://files.pythonhosted.org/packages/7b/91/984aca2ec129e2757d1e4e3c81c3fcda9d0f85b74670a094cc443d9ee949/joblib-1.5.3-py3-none-any.whl
  hash:
    sha256: 5fc3c5039fc5ca8c0276333a188bbd59d6b7ab37fe6632daa76bc7f9ec18e713
  category: main
  optional: false
- name: keyring
  version: 25.7.0
  manager: pip
  platform: linux-64
  dependencies:
    jaraco-classes: '*'
    jaraco-context: '*'
    jaraco-functools: '*'
    jeepney: '>=0.4.2'
    secretstorage: '>=3.2'
  url: https://files.pythonhosted.org/packages/81/db/e655086b7f3a705df045bf0933bdd9c2f79bb3c97bfef1384598bb79a217/keyring-25.7.0-py3-none-any.whl
  hash:
    sha256: be4a0b195f149690c166e850609a477c532ddbfbaed96a404d4e43f8d5e2689f
  category: main
  optional: false
- name: kiwisolver
  version: 1.5.0
  manager: pip
  platform: linux-64
  dependencies: {}
  url: https://files.pythonhosted.org/packages/e7/f9/b06c934a6aa8bc91f566bd2a214fd04c30506c2d9e2b6b171953216a65b6/kiwisolver-1.5.0-cp314-cp314-manylinux2014_x86_64.manylinux_2_17_x86_64.whl
  hash:
    sha256: 80aa065ffd378ff784822a6d7c3212f2d5f5e9c3589614b5c228b311fd3063ac
  category: main
  optional: false
- name: markupsafe
  version: 3.0.3
  manager: pip
  platform: linux-64
  dependencies: {}
  url: https://files.pythonhosted.org/packages/41/3c/a36c2450754618e62008bf7435ccb0f88053e07592e6028a34776213d877/markupsafe-3.0.3-cp314-cp314-manylinux2014_x86_64.manylinux_2_17_x86_64.manylinux_2_28_x86_64.whl
  hash:
    sha256: 457a69a9577064c05a97c41f4e65148652db078a3a509039e64d3467b9e7ef97
  category: main
  optional: false
- name: matplotlib
  version: 3.10.8
  manager: pip
  platform: linux-64
  dependencies:
    contourpy: '>=1.0.1'
    cycler: '>=0.10'
    fonttools: '>=4.22.0'
    kiwisolver: '>=1.3.1'
    numpy: '>=1.23'
    packaging: '>=20.0'
    pillow: '>=8'
    pyparsing: '>=3'
    python-dateutil: '>=2.7'
  url: https://files.pythonhosted.org/packages/f5/26/4221a741eb97967bc1fd5e4c52b9aa5a91b2f4ec05b59f6def4d820f9df9/matplotlib-3.10.8-cp314-cp314-manylinux_2_27_x86_64.manylinux_2_28_x86_64.whl
  hash:
    sha256: 2cf5bd12cecf46908f286d7838b2abc6c91cda506c0445b8223a7c19a00df008
  category: main
  optional: false
- name: more-itertools
  version: 10.8.0
  manager: pip
  platform: linux-64
  dependencies: {}
  url: https://files.pythonhosted.org/packages/a4/8e/469e5a4a2f5855992e425f3cb33804cc07bf18d48f2db061aec61ce50270/more_itertools-10.8.0-py3-none-any.whl
  hash:
    sha256: 52d4362373dcf7c52546bc4af9a86ee7c4579df9a8dc268be0a2f949d376cc9b
  category: main
  optional: false
- name: msgpack
  version: 1.1.2
  manager: pip
  platform: linux-64
  dependencies: {}
  url: https://files.pythonhosted.org/packages/2f/40/dc34d1a8d5f1e51fc64640b62b191684da52ca469da9cd74e84936ffa4a6/msgpack-1.1.2-cp314-cp314-manylinux2014_x86_64.manylinux_2_17_x86_64.manylinux_2_28_x86_64.whl
  hash:
    sha256: 180759d89a057eab503cf62eeec0aa61c4ea1200dee709f3a8e9397dbb3b6931
  category: main
  optional: false
- name: numpy
  version: 2.4.2
  manager: pip
  platform: linux-64
  dependencies: {}
  url: https://files.pythonhosted.org/packages/5d/6c/7f237821c9642fb2a04d2f1e88b4295677144ca93285fd76eff3bcba858d/numpy-2.4.2-cp314-cp314-manylinux_2_27_x86_64.manylinux_2_28_x86_64.whl
  hash:
    sha256: bba37bc29d4d85761deed3954a1bc62be7cf462b9510b51d367b769a8c8df325
  category: main
  optional: false
- name: packaging
  version: '26.0'
  manager: pip
  platform: linux-64
  dependencies: {}
  url: https://files.pythonhosted.org/packages/b7/b9/c538f279a4e237a006a2c98387d081e9eb060d203d8ed34467cc0f0b9b53/packaging-26.0-py3-none-any.whl
  hash:
    sha256: b36f1fef9334a5588b4166f8bcd26a14e521f2b55e6b9de3aaa80d3ff7a37529
  category: main
  optional: false
- name: pandas
  version: 3.0.1
  manager: pip
  platform: linux-64
  dependencies:
    numpy: '>=2.3.3'
    python-dateutil: '>=2.8.2'
  url: https://files.pythonhosted.org/packages/55/77/6ea82043db22cb0f2bbfe7198da3544000ddaadb12d26be36e19b03a2dc5/pandas-3.0.1-cp314-cp314-manylinux_2_24_x86_64.manylinux_2_28_x86_64.whl
  hash:
    sha256: c1a9f55e0f46951874b863d1f3906dcb57df2d9be5c5847ba4dfb55b2c815249
  category: main
  optional: false
- name: pillow
  version: 12.1.1
  manager: pip
  platform: linux-64
  dependencies: {}
  url: https://files.pythonhosted.org/packages/d1/ee/c85a38a9ab92037a75615aba572c85ea51e605265036e00c5b67dfafbfe2/pillow-12.1.1-cp314-cp314-manylinux_2_27_x86_64.manylinux_2_28_x86_64.whl
  hash:
    sha256: a37691702ed687799de29a518d63d4682d9016932db66d4e90c345831b02fb4e
  category: main
  optional: false
- name: pkginfo
  version: 1.12.1.2
  manager: pip
  platform: linux-64
  dependencies: {}
  url: https://files.pythonhosted.org/packages/fa/3d/f4f2ba829efb54b6cd2d91349c7463316a9cc55a43fc980447416c88540f/pkginfo-1.12.1.2-py3-none-any.whl
  hash:
    sha256: c783ac885519cab2c34927ccfa6bf64b5a704d7c69afaea583dd9b7afe969343
  category: main
  optional: false
- name: platformdirs
  version: 4.9.4
  manager: pip
  platform: linux-64
  dependencies: {}
  url: https://files.pythonhosted.org/packages/63/d7/97f7e3a6abb67d8080dd406fd4df842c2be0efaf712d1c899c32a075027c/platformdirs-4.9.4-py3-none-any.whl
  hash:
    sha256: 68a9a4619a666ea6439f2ff250c12a853cd1cbd5158d258bd824a7df6be2f868
  category: main
  optional: false
- name: pluggy
  version: 1.6.0
  manager: pip
  platform: linux-64
  dependencies: {}
  url: https://files.pythonhosted.org/packages/54/20/4d324d65cc6d9205fabedc306948156824eb9f0ee1633355a8f7ec5c66bf/pluggy-1.6.0-py3-none-any.whl
  hash:
    sha256: e920276dd6813095e9377c0bc5566d94c932c33b27a3e3945d8389c374dd4746
  category: main
  optional: false
- name: protobuf
  version: 6.33.6
  manager: pip
  platform: linux-64
  dependencies: {}
  url: https://files.pythonhosted.org/packages/16/92/d1e32e3e0d894fe00b15ce28ad4944ab692713f2e7f0a99787405e43533a/protobuf-6.33.6-cp39-abi3-manylinux2014_x86_64.whl
  hash:
    sha256: e9db7e292e0ab79dd108d7f1a94fe31601ce1ee3f7b79e0692043423020b0593
  category: main
  optional: false
- name: pycparser
  version: '3.0'
  manager: pip
  platform: linux-64
  dependencies: {}
  url: https://files.pythonhosted.org/packages/0c/c3/44f3fbbfa403ea2a7c779186dc20772604442dde72947e7d01069cbe98e3/pycparser-3.0-py3-none-any.whl
  hash:
    sha256: b727414169a36b7d524c1c3e31839a521725078d7b2ff038656844266160a992
  category: main
  optional: false
- name: pydantic
  version: 2.12.5
  manager: pip
  platform: linux-64
  dependencies:
    annotated-types: '>=0.6.0'
    pydantic-core: 2.41.5
    typing-extensions: '>=4.14.1'
    typing-inspection: '>=0.4.2'
  url: https://files.pythonhosted.org/packages/5a/87/b70ad306ebb6f9b585f114d0ac2137d792b48be34d732d60e597c2f8465a/pydantic-2.12.5-py3-none-any.whl
  hash:
    sha256: e561593fccf61e8a20fc46dfc2dfe075b8be7d0188df33f221ad1f0139180f9d
  category: main
  optional: false
- name: pydantic-core
  version: 2.41.5
  manager: pip
  platform: linux-64
  dependencies:
    typing-extensions: '>=4.14.1'
  url: https://files.pythonhosted.org/packages/4c/d2/ef2074dc020dd6e109611a8be4449b98cd25e1b9b8a303c2f0fca2f2bcf7/pydantic_core-2.41.5-cp314-cp314-manylinux_2_17_x86_64.manylinux2014_x86_64.whl
  hash:
    sha256: 22f0fb8c1c583a3b6f24df2470833b40207e907b90c928cc8d3594b76f874375
  category: main
  optional: false
- name: pygments
  version: 2.19.2
  manager: pip
  platform: linux-64
  dependencies: {}
  url: https://files.pythonhosted.org/packages/c7/21/705964c7812476f378728bdf590ca4b771ec72385c533964653c68e86bdc/pygments-2.19.2-py3-none-any.whl
  hash:
    sha256: 86540386c03d588bb81d44bc3928634ff26449851e99741617ecb9037ee5ec0b
  category: main
  optional: false
- name: pyparsing
  version: 3.3.2
  manager: pip
  platform: linux-64
  dependencies: {}
  url: https://files.pythonhosted.org/packages/10/bd/c038d7cc38edc1aa5bf91ab8068b63d4308c66c4c8bb3cbba7dfbc049f9c/pyparsing-3.3.2-py3-none-any.whl
  hash:
    sha256: 850ba148bd908d7e2411587e247a1e4f0327839c40e2e5e6d05a007ecc69911d
  category: main
  optional: false
- name: pyproject-hooks
  version: 1.2.0
  manager: pip
  platform: linux-64
  dependencies: {}
  url: https://files.pythonhosted.org/packages/bd/24/12818598c362d7f300f18e74db45963dbcb85150324092410c8b49405e42/pyproject_hooks-1.2.0-py3-none-any.whl
  hash:
    sha256: 9e5c6bfa8dcc30091c74b0cf803c81fdd29d94f01992a7707bc97babb1141913
  category: main
  optional: false
- name: pytest
  version: 9.0.2
  manager: pip
  platform: linux-64
  dependencies:
    iniconfig: '>=1.0.1'
    packaging: '>=22'
    pluggy: '>=1.5,<2'
    pygments: '>=2.7.2'
  url: https://files.pythonhosted.org/packages/3b/ab/b3226f0bd7cdcf710fbede2b3548584366da3b19b5021e74f5bde2a8fa3f/pytest-9.0.2-py3-none-any.whl
  hash:
    sha256: 711ffd45bf766d5264d487b917733b453d917afd2b0ad65223959f59089f875b
  category: main
  optional: false
- name: python-dateutil
  version: 2.9.0.post0
  manager: pip
  platform: linux-64
  dependencies:
    six: '>=1.5'
  url: https://files.pythonhosted.org/packages/ec/57/56b9bcc3c9c6a792fcbaf139543cee77261f3651ca9da0c93f5c1221264b/python_dateutil-2.9.0.post0-py2.py3-none-any.whl
  hash:
    sha256: a8b2bc7bffae282281c8140a97d3aa9c14da0b136dfe83f850eea9a5f7470427
  category: main
  optional: false
- name: python-dotenv
  version: 1.2.2
  manager: pip
  platform: linux-64
  dependencies: {}
  url: https://files.pythonhosted.org/packages/0b/d7/1959b9648791274998a9c3526f6d0ec8fd2233e4d4acce81bbae76b44b2a/python_dotenv-1.2.2-py3-none-any.whl
  hash:
    sha256: 1d8214789a24de455a8b8bd8ae6fe3c6b69a5e3d64aa8a8e5d68e694bbcb285a
  category: main
  optional: false
- name: pyyaml
  version: 6.0.3
  manager: pip
  platform: linux-64
  dependencies: {}
  url: https://files.pythonhosted.org/packages/88/f9/16491d7ed2a919954993e48aa941b200f38040928474c9e85ea9e64222c3/pyyaml-6.0.3-cp314-cp314-manylinux2014_x86_64.manylinux_2_17_x86_64.manylinux_2_28_x86_64.whl
  hash:
    sha256: c458b6d084f9b935061bc36216e8a69a7e293a2f1e68bf956dcd9e6cbcd143f5
  category: main
  optional: false
- name: requests
  version: 2.32.5
  manager: pip
  platform: linux-64
  dependencies:
    certifi: '>=2017.4.17'
    charset-normalizer: '>=2,<4'
    idna: '>=2.5,<4'
    urllib3: '>=1.21.1,<3'
  url: https://files.pythonhosted.org/packages/1e/db/4254e3eabe8020b458f1a747140d32277ec7a271daf1d235b70dc0b4e6e3/requests-2.32.5-py3-none-any.whl
  hash:
    sha256: 2462f94637a34fd532264295e186976db0f5d453d1cdd31473c85a6a161affb6
  category: main
  optional: false
- name: requests-toolbelt
  version: 1.0.0
  manager: pip
  platform: linux-64
  dependencies:
    requests: '>=2.0.1,<3.0.0'
  url: https://files.pythonhosted.org/packages/3f/51/d4db610ef29373b879047326cbf6fa98b6c1969d6f6dc423279de2b1be2c/requests_toolbelt-1.0.0-py2.py3-none-any.whl
  hash:
    sha256: cccfdd665f0a24fcf4726e690f65639d272bb0637b9b92dfd91a5568ccf6bd06
  category: main
  optional: false
- name: ruamel-yaml
  version: 0.19.1
  manager: pip
  platform: linux-64
  dependencies: {}
  url: https://files.pythonhosted.org/packages/b8/0c/51f6841f1d84f404f92463fc2b1ba0da357ca1e3db6b7fbda26956c3b82a/ruamel_yaml-0.19.1-py3-none-any.whl
  hash:
    sha256: 27592957fedf6e0b62f281e96effd28043345e0e66001f97683aa9a40c667c93
  category: main
  optional: false
- name: scikit-learn
  version: 1.8.0
  manager: pip
  platform: linux-64
  dependencies:
    joblib: '>=1.3.0'
    numpy: '>=1.24.1'
    scipy: '>=1.10.0'
    threadpoolctl: '>=3.2.0'
  url: https://files.pythonhosted.org/packages/b8/cb/861b41341d6f1245e6ca80b1c1a8c4dfce43255b03df034429089ca2a2c5/scikit_learn-1.8.0-cp314-cp314-manylinux_2_27_x86_64.manylinux_2_28_x86_64.whl
  hash:
    sha256: fb65db5d7531bccf3a4f6bec3462223bea71384e2cda41da0f10b7c292b9e7c4
  category: main
  optional: false
- name: scipy
  version: 1.17.1
  manager: pip
  platform: linux-64
  dependencies:
    numpy: '>=1.26.4,<2.7'
  url: https://files.pythonhosted.org/packages/0b/2e/7eea398450457ecb54e18e9d10110993fa65561c4f3add5e8eccd2b9cd41/scipy-1.17.1-cp314-cp314-manylinux_2_27_x86_64.manylinux_2_28_x86_64.whl
  hash:
    sha256: eee2cfda04c00a857206a4330f0c5e3e56535494e30ca445eb19ec624ae75118
  category: main
  optional: false
- name: seaborn
  version: 0.13.2
  manager: pip
  platform: linux-64
  dependencies:
    matplotlib: '>=3.4,<3.6.1 || >3.6.1'
    numpy: '>=1.20,<1.24.0 || >1.24.0'
    pandas: '>=1.2'
  url: https://files.pythonhosted.org/packages/83/11/00d3c3dfc25ad54e731d91449895a79e4bf2384dc3ac01809010ba88f6d5/seaborn-0.13.2-py3-none-any.whl
  hash:
    sha256: 636f8336facf092165e27924f223d3c62ca560b1f2bb5dff7ab7fad265361987
  category: main
  optional: false
- name: secretstorage
  version: 3.5.0
  manager: pip
  platform: linux-64
  dependencies:
    cryptography: '>=2.0'
    jeepney: '>=0.6'
  url: https://files.pythonhosted.org/packages/b7/46/f5af3402b579fd5e11573ce652019a67074317e18c1935cc0b4ba9b35552/secretstorage-3.5.0-py3-none-any.whl
  hash:
    sha256: 0ce65888c0725fcb2c5bc0fdb8e5438eece02c523557ea40ce0703c266248137
  category: main
  optional: false
- name: semver
  version: 3.0.4
  manager: pip
  platform: linux-64
  dependencies: {}
  url: https://files.pythonhosted.org/packages/a6/24/4d91e05817e92e3a61c8a21e08fd0f390f5301f1c448b137c57c4bc6e543/semver-3.0.4-py3-none-any.whl
  hash:
    sha256: 9c824d87ba7f7ab4a1890799cec8596f15c1241cb473404ea1cb0c55e4b04746
  category: main
  optional: false
- name: sentry-sdk
  version: 2.56.0
  manager: pip
  platform: linux-64
  dependencies:
    certifi: '*'
    urllib3: '>=1.26.11'
  url: https://files.pythonhosted.org/packages/cd/1a/b3a3e9f6520493fed7997af4d2de7965d71549c62f994a8fd15f2ecd519e/sentry_sdk-2.56.0-py2.py3-none-any.whl
  hash:
    sha256: 5afafb744ceb91d22f4cc650c6bd048ac6af5f7412dcc6c59305a2e36f4dbc02
  category: main
  optional: false
- name: setuptools
  version: 82.0.1
  manager: pip
  platform: linux-64
  dependencies: {}
  url: https://files.pythonhosted.org/packages/9d/76/f789f7a86709c6b087c5a2f52f911838cad707cc613162401badc665acfe/setuptools-82.0.1-py3-none-any.whl
  hash:
    sha256: a59e362652f08dcd477c78bb6e7bd9d80a7995bc73ce773050228a348ce2e5bb
  category: main
  optional: false
- name: shellingham
  version: 1.5.4
  manager: pip
  platform: linux-64
  dependencies: {}
  url: https://files.pythonhosted.org/packages/e0/f9/0595336914c5619e5f28a1fb793285925a8cd4b432c9da0a987836c7f822/shellingham-1.5.4-py2.py3-none-any.whl
  hash:
    sha256: 7ecfff8f2fd72616f7481040475a65b2bf8af90a56c89140852d1120324e8686
  category: main
  optional: false
- name: six
  version: 1.17.0
  manager: pip
  platform: linux-64
  dependencies: {}
  url: https://files.pythonhosted.org/packages/b7/ce/149a00dd41f10bc29e5921b496af8b574d8413afcd5e30dfa0ed46c2cc5e/six-1.17.0-py2.py3-none-any.whl
  hash:
    sha256: 4721f391ed90541fddacab5acf947aa0d3dc7d27b2e1e8eda2be8970586c3274
  category: main
  optional: false
- name: smmap
  version: 5.0.3
  manager: pip
  platform: linux-64
  dependencies: {}
  url: https://files.pythonhosted.org/packages/c1/d4/59e74daffcb57a07668852eeeb6035af9f32cbfd7a1d2511f17d2fe6a738/smmap-5.0.3-py3-none-any.whl
  hash:
    sha256: c106e05d5a61449cf6ba9a1e650227ecfb141590d2a98412103ff35d89fc7b2f
  category: main
  optional: false
- name: starlette
  version: 1.0.0
  manager: pip
  platform: linux-64
  dependencies:
    anyio: '>=3.6.2,<5'
  url: https://files.pythonhosted.org/packages/0b/c9/584bc9651441b4ba60cc4d557d8a547b5aff901af35bda3a4ee30c819b82/starlette-1.0.0-py3-none-any.whl
  hash:
    sha256: d3ec55e0bb321692d275455ddfd3df75fff145d009685eb40dc91fc66b03d38b
  category: main
  optional: false
- name: threadpoolctl
  version: 3.6.0
  manager: pip
  platform: linux-64
  dependencies: {}
  url: https://files.pythonhosted.org/packages/32/d5/f9a850d79b0851d1d4ef6456097579a9005b31fea68726a4ae5f2d82ddd9/threadpoolctl-3.6.0-py3-none-any.whl
  hash:
    sha256: 43a0b8fd5a2928500110039e43a5eed8480b918967083ea48dc3ab9f13c4a7fb
  category: main
  optional: false
- name: tomlkit
  version: 0.14.0
  manager: pip
  platform: linux-64
  dependencies: {}
  url: https://files.pythonhosted.org/packages/b5/11/87d6d29fb5d237229d67973a6c9e06e048f01cf4994dee194ab0ea841814/tomlkit-0.14.0-py3-none-any.whl
  hash:
    sha256: 592064ed85b40fa213469f81ac584f67a4f2992509a7c3ea2d632208623a3680
  category: main
  optional: false
- name: trove-classifiers
  version: 2026.1.14.14
  manager: pip
  platform: linux-64
  dependencies: {}
  url: https://files.pythonhosted.org/packages/bb/4a/2e5583e544bc437d5e8e54b47db87430df9031b29b48d17f26d129fa60c0/trove_classifiers-2026.1.14.14-py3-none-any.whl
  hash:
    sha256: 1f9553927f18d0513d8e5ff80ab8980b8202ce37ecae0e3274ed2ef11880e74d
  category: main
  optional: false
- name: typing-extensions
  version: 4.15.0
  manager: pip
  platform: linux-64
  dependencies: {}
  url: https://files.pythonhosted.org/packages/18/67/36e9267722cc04a6b9f15c7f3441c2363321a3ea07da7ae0c0707beb2a9c/typing_extensions-4.15.0-py3-none-any.whl
  hash:
    sha256: f0fa19c6845758ab08074a0cfa8b7aecb71c999ca73d62883bc25cc018c4e548
  category: main
  optional: false
- name: typing-inspection
  version: 0.4.2
  manager: pip
  platform: linux-64
  dependencies:
    typing-extensions: '>=4.12.0'
  url: https://files.pythonhosted.org/packages/dc/9b/47798a6c91d8bdb567fe2698fe81e0c6b7cb7ef4d13da4114b41d239f65d/typing_inspection-0.4.2-py3-none-any.whl
  hash:
    sha256: 4ed1cacbdc298c220f1bd249ed5287caa16f34d44ef4e9c3d0cbad5b521545e7
  category: main
  optional: false
- name: urllib3
  version: 2.6.3
  manager: pip
  platform: linux-64
  dependencies: {}
  url: https://files.pythonhosted.org/packages/39/08/aaaad47bc4e9dc8c725e68f9d04865dbcb2052843ff09c97b08904852d84/urllib3-2.6.3-py3-none-any.whl
  hash:
    sha256: bf272323e553dfb2e87d9bfd225ca7b0f467b919d7bbd355436d3fd37cb0acd4
  category: main
  optional: false
- name: uvicorn
  version: 0.42.0
  manager: pip
  platform: linux-64
  dependencies:
    click: '>=7.0'
    h11: '>=0.8'
  url: https://files.pythonhosted.org/packages/0a/89/f8827ccff89c1586027a105e5630ff6139a64da2515e24dafe860bd9ae4d/uvicorn-0.42.0-py3-none-any.whl
  hash:
    sha256: 96c30f5c7abe6f74ae8900a70e92b85ad6613b745d4879eb9b16ccad15645359
  category: main
  optional: false
- name: virtualenv
  version: 20.39.1
  manager: pip
  platform: linux-64
  dependencies:
    distlib: '>=0.3.7,<1'
    filelock: '>=3.24.2,<4'
    platformdirs: '>=3.9.1,<5'
  url: https://files.pythonhosted.org/packages/f6/7f/89d7e8a397752826dbbb81127dfb8feab8286f4f1f91a820f646f04368fb/virtualenv-20.39.1-py3-none-any.whl
  hash:
    sha256: a00332e0b089ba64edefbf94ef34e6db33f45fe5184df0652cf0b754dcd36190
  category: main
  optional: false
- name: wandb
  version: 0.25.1
  manager: pip
  platform: linux-64
  dependencies:
    click: '>=8.0.1'
    gitpython: '>=1.0.0,<3.1.29 || >3.1.29'
    packaging: '*'
    platformdirs: '*'
    protobuf: '>4.21.0,<5.28.0 || >5.28.0,<5.29.0 || >5.29.0,<7'
    pydantic: <3
    pyyaml: '*'
    requests: '>=2.0.0,<3'
    sentry-sdk: '>=2.0.0'
    typing-extensions: '>=4.8,<5'
  url: https://files.pythonhosted.org/packages/f2/c7/445155ef010e2e35d190797d7c36ff441e062a5b566a6da4778e22233395/wandb-0.25.1-py3-none-manylinux_2_28_x86_64.whl
  hash:
    sha256: e73b4c55b947edae349232d5845204d30fac88e18eb4ad1d4b96bf7cf898405a
  category: main
  optional: false
- name: zstandard
  version: 0.25.0
  manager: pip
  platform: linux-64
  dependencies: {}
  url: https://files.pythonhosted.org/packages/31/dc/cc50210e11e465c975462439a492516a73300ab8caa8f5e0902544fd748b/zstandard-0.25.0-cp314-cp314-manylinux2014_x86_64.manylinux_2_17_x86_64.manylinux_2_28_x86_64.whl
  hash:
    sha256: e09bb6252b6476d8d56100e8147b803befa9a12cea144bbe629dd508800d1ad0
  category: main
  optional: false
